
Microsoft Visual Studio Solution File, Format Version 12.00
# Visual Studio Version 17
VisualStudioVersion = 17.14.36518.9
MinimumVisualStudioVersion = 10.0.40219.1
Project("{FAE04EC0-301F-11D3-BF4B-00C04F79EFBC}") = "HealthInsuranceApi", "HealthInsuranceApi.csproj", "{142E4078-646E-4F1B-A27D-1883261917F1}"
EndProject
Project("{FAE04EC0-301F-11D3-BF4B-00C04F79EFBC}") = "HealthInsuranceTestProject", "..\HealthInsuranceTestProject\HealthInsuranceTestProject.csproj", "{CDC00C7E-D54E-4FAB-BC3E-923313DD5201}"
EndProject
Global
	GlobalSection(SolutionConfigurationPlatforms) = preSolution
		Debug|Any CPU = Debug|Any CPU
		Release|Any CPU = Release|Any CPU
	EndGlobalSection
	GlobalSection(ProjectConfigurationPlatforms) = postSolution
		{142E4078-646E-4F1B-A27D-1883261917F1}.Debug|Any CPU.ActiveCfg = Debug|Any CPU
		{142E4078-646E-4F1B-A27D-1883261917F1}.Debug|Any CPU.Build.0 = Debug|Any CPU
		{142E4078-646E-4F1B-A27D-1883261917F1}.Release|Any CPU.ActiveCfg = Release|Any CPU
		{142E4078-646E-4F1B-A27D-1883261917F1}.Release|Any CPU.Build.0 = Release|Any CPU
		{CDC00C7E-D54E-4FAB-BC3E-923313DD5201}.Debug|Any CPU.ActiveCfg = Debug|Any CPU
		{CDC00C7E-D54E-4FAB-BC3E-923313DD5201}.Debug|Any CPU.Build.0 = Debug|Any CPU
		{CDC00C7E-D54E-4FAB-BC3E-923313DD5201}.Release|Any CPU.ActiveCfg = Release|Any CPU
		{CDC00C7E-D54E-4FAB-BC3E-923313DD5201}.Release|Any CPU.Build.0 = Release|Any CPU
	EndGlobalSection
	GlobalSection(SolutionProperties) = preSolution
		HideSolutionNode = FALSE
	EndGlobalSection
	GlobalSection(ExtensibilityGlobals) = postSolution
		SolutionGuid = {04FD1D2B-A911-40CA-BD2C-1BA94385D742}
	EndGlobalSection
EndGlobal
